// !$*UTF8*$!
{
	archiveVersion = 1;
	classes = {
	};
	objectVersion = 56;
	objects = {

/* Begin PBXBuildFile section */
		46F5C82B29FF89700092F1E7 /* AppDelegate.swift in Sources */ = {isa = PBXBuildFile; fileRef = 46F5C82A29FF89700092F1E7 /* AppDelegate.swift */; };
		46F5C82D29FF89700092F1E7 /* SceneDelegate.swift in Sources */ = {isa = PBXBuildFile; fileRef = 46F5C82C29FF89700092F1E7 /* SceneDelegate.swift */; };
		46F5C82F29FF89700092F1E7 /* BlogListViewController.swift in Sources */ = {isa = PBXBuildFile; fileRef = 46F5C82E29FF89700092F1E7 /* BlogListViewController.swift */; };
		46F5C83229FF89700092F1E7 /* Main.storyboard in Resources */ = {isa = PBXBuildFile; fileRef = 46F5C83029FF89700092F1E7 /* Main.storyboard */; };
		46F5C83429FF89710092F1E7 /* Assets.xcassets in Resources */ = {isa = PBXBuildFile; fileRef = 46F5C83329FF89710092F1E7 /* Assets.xcassets */; };
		46F5C83729FF89710092F1E7 /* LaunchScreen.storyboard in Resources */ = {isa = PBXBuildFile; fileRef = 46F5C83529FF89710092F1E7 /* LaunchScreen.storyboard */; };
		46F5C84229FF89720092F1E7 /* BloggerUIKitXCUIAndKIFTestsTests.swift in Sources */ = {isa = PBXBuildFile; fileRef = 46F5C84129FF89720092F1E7 /* BloggerUIKitXCUIAndKIFTestsTests.swift */; };
		46F5C84C29FF89720092F1E7 /* BloggerUIKitXCUIAndKIFTestsUITests.swift in Sources */ = {isa = PBXBuildFile; fileRef = 46F5C84B29FF89720092F1E7 /* BloggerUIKitXCUIAndKIFTestsUITests.swift */; };
		46F5C84E29FF89720092F1E7 /* BloggerUIKitXCUIAndKIFTestsUITestsLaunchTests.swift in Sources */ = {isa = PBXBuildFile; fileRef = 46F5C84D29FF89720092F1E7 /* BloggerUIKitXCUIAndKIFTestsUITestsLaunchTests.swift */; };
		46F5C85C29FF89900092F1E7 /* ViewModelState.swift in Sources */ = {isa = PBXBuildFile; fileRef = 46F5C85B29FF89900092F1E7 /* ViewModelState.swift */; };
		46F5C85F29FF89AE0092F1E7 /* APIClient.swift in Sources */ = {isa = PBXBuildFile; fileRef = 46F5C85E29FF89AE0092F1E7 /* APIClient.swift */; };
		46F5C86129FF89BE0092F1E7 /* Transformer.swift in Sources */ = {isa = PBXBuildFile; fileRef = 46F5C86029FF89BE0092F1E7 /* Transformer.swift */; };
		46F5C86429FF89EF0092F1E7 /* DIContainer.swift in Sources */ = {isa = PBXBuildFile; fileRef = 46F5C86329FF89EF0092F1E7 /* DIContainer.swift */; };
		46F5C86C29FF8A5E0092F1E7 /* BlogListViewModel.swift in Sources */ = {isa = PBXBuildFile; fileRef = 46F5C86B29FF8A5E0092F1E7 /* BlogListViewModel.swift */; };
		46F5C87029FF8A950092F1E7 /* BlogPost.swift in Sources */ = {isa = PBXBuildFile; fileRef = 46F5C86F29FF8A950092F1E7 /* BlogPost.swift */; };
		46F5C87229FF8AA80092F1E7 /* BlogPostsFetchUseCase.swift in Sources */ = {isa = PBXBuildFile; fileRef = 46F5C87129FF8AA80092F1E7 /* BlogPostsFetchUseCase.swift */; };
		46F5C87929FF8AF10092F1E7 /* BlogPostListRequest.swift in Sources */ = {isa = PBXBuildFile; fileRef = 46F5C87829FF8AF10092F1E7 /* BlogPostListRequest.swift */; };
		46F5C87B29FF8B090092F1E7 /* BlogPostsRepository.swift in Sources */ = {isa = PBXBuildFile; fileRef = 46F5C87A29FF8B090092F1E7 /* BlogPostsRepository.swift */; };
		46F5C87D29FF8B1E0092F1E7 /* BlogPostDataTransformer.swift in Sources */ = {isa = PBXBuildFile; fileRef = 46F5C87C29FF8B1E0092F1E7 /* BlogPostDataTransformer.swift */; };
		46F5C87F29FF8B370092F1E7 /* BlogPostDTO.swift in Sources */ = {isa = PBXBuildFile; fileRef = 46F5C87E29FF8B370092F1E7 /* BlogPostDTO.swift */; };
		46F5C88329FF8B8F0092F1E7 /* BlogDetailViewController.swift in Sources */ = {isa = PBXBuildFile; fileRef = 46F5C88229FF8B8F0092F1E7 /* BlogDetailViewController.swift */; };
		46F5C88529FF8BA50092F1E7 /* BlogPostTableViewCell.swift in Sources */ = {isa = PBXBuildFile; fileRef = 46F5C88429FF8BA50092F1E7 /* BlogPostTableViewCell.swift */; };
		46F5C88729FF8BC60092F1E7 /* BlogPostTableViewCell.xib in Resources */ = {isa = PBXBuildFile; fileRef = 46F5C88629FF8BC60092F1E7 /* BlogPostTableViewCell.xib */; };
		46F5C88A29FF8C210092F1E7 /* Factory in Frameworks */ = {isa = PBXBuildFile; productRef = 46F5C88929FF8C210092F1E7 /* Factory */; };
		46F5C88D29FF8C350092F1E7 /* CombineSchedulers in Frameworks */ = {isa = PBXBuildFile; productRef = 46F5C88C29FF8C350092F1E7 /* CombineSchedulers */; };
/* End PBXBuildFile section */

/* Begin PBXContainerItemProxy section */
		46F5C83E29FF89720092F1E7 /* PBXContainerItemProxy */ = {
			isa = PBXContainerItemProxy;
			containerPortal = 46F5C81F29FF89700092F1E7 /* Project object */;
			proxyType = 1;
			remoteGlobalIDString = 46F5C82629FF89700092F1E7;
			remoteInfo = BloggerUIKitXCUIAndKIFTests;
		};
		46F5C84829FF89720092F1E7 /* PBXContainerItemProxy */ = {
			isa = PBXContainerItemProxy;
			containerPortal = 46F5C81F29FF89700092F1E7 /* Project object */;
			proxyType = 1;
			remoteGlobalIDString = 46F5C82629FF89700092F1E7;
			remoteInfo = BloggerUIKitXCUIAndKIFTests;
		};
/* End PBXContainerItemProxy section */

/* Begin PBXFileReference section */
		46F5C82729FF89700092F1E7 /* BloggerUIKitXCUIAndKIFTests.app */ = {isa = PBXFileReference; explicitFileType = wrapper.application; includeInIndex = 0; path = BloggerUIKitXCUIAndKIFTests.app; sourceTree = BUILT_PRODUCTS_DIR; };
		46F5C82A29FF89700092F1E7 /* AppDelegate.swift */ = {isa = PBXFileReference; lastKnownFileType = sourcecode.swift; path = AppDelegate.swift; sourceTree = "<group>"; };
		46F5C82C29FF89700092F1E7 /* SceneDelegate.swift */ = {isa = PBXFileReference; lastKnownFileType = sourcecode.swift; path = SceneDelegate.swift; sourceTree = "<group>"; };
		46F5C82E29FF89700092F1E7 /* BlogListViewController.swift */ = {isa = PBXFileReference; lastKnownFileType = sourcecode.swift; path = BlogListViewController.swift; sourceTree = "<group>"; };
		46F5C83129FF89700092F1E7 /* Base */ = {isa = PBXFileReference; lastKnownFileType = file.storyboard; name = Base; path = Base.lproj/Main.storyboard; sourceTree = "<group>"; };
		46F5C83329FF89710092F1E7 /* Assets.xcassets */ = {isa = PBXFileReference; lastKnownFileType = folder.assetcatalog; path = Assets.xcassets; sourceTree = "<group>"; };
		46F5C83629FF89710092F1E7 /* Base */ = {isa = PBXFileReference; lastKnownFileType = file.storyboard; name = Base; path = Base.lproj/LaunchScreen.storyboard; sourceTree = "<group>"; };
		46F5C83829FF89710092F1E7 /* Info.plist */ = {isa = PBXFileReference; lastKnownFileType = text.plist.xml; path = Info.plist; sourceTree = "<group>"; };
		46F5C83D29FF89720092F1E7 /* BloggerUIKitXCUIAndKIFTestsTests.xctest */ = {isa = PBXFileReference; explicitFileType = wrapper.cfbundle; includeInIndex = 0; path = BloggerUIKitXCUIAndKIFTestsTests.xctest; sourceTree = BUILT_PRODUCTS_DIR; };
		46F5C84129FF89720092F1E7 /* BloggerUIKitXCUIAndKIFTestsTests.swift */ = {isa = PBXFileReference; lastKnownFileType = sourcecode.swift; path = BloggerUIKitXCUIAndKIFTestsTests.swift; sourceTree = "<group>"; };
		46F5C84729FF89720092F1E7 /* BloggerUIKitXCUIAndKIFTestsUITests.xctest */ = {isa = PBXFileReference; explicitFileType = wrapper.cfbundle; includeInIndex = 0; path = BloggerUIKitXCUIAndKIFTestsUITests.xctest; sourceTree = BUILT_PRODUCTS_DIR; };
		46F5C84B29FF89720092F1E7 /* BloggerUIKitXCUIAndKIFTestsUITests.swift */ = {isa = PBXFileReference; lastKnownFileType = sourcecode.swift; path = BloggerUIKitXCUIAndKIFTestsUITests.swift; sourceTree = "<group>"; };
		46F5C84D29FF89720092F1E7 /* BloggerUIKitXCUIAndKIFTestsUITestsLaunchTests.swift */ = {isa = PBXFileReference; lastKnownFileType = sourcecode.swift; path = BloggerUIKitXCUIAndKIFTestsUITestsLaunchTests.swift; sourceTree = "<group>"; };
		46F5C85B29FF89900092F1E7 /* ViewModelState.swift */ = {isa = PBXFileReference; lastKnownFileType = sourcecode.swift; path = ViewModelState.swift; sourceTree = "<group>"; };
		46F5C85E29FF89AE0092F1E7 /* APIClient.swift */ = {isa = PBXFileReference; lastKnownFileType = sourcecode.swift; path = APIClient.swift; sourceTree = "<group>"; };
		46F5C86029FF89BE0092F1E7 /* Transformer.swift */ = {isa = PBXFileReference; lastKnownFileType = sourcecode.swift; path = Transformer.swift; sourceTree = "<group>"; };
		46F5C86329FF89EF0092F1E7 /* DIContainer.swift */ = {isa = PBXFileReference; lastKnownFileType = sourcecode.swift; path = DIContainer.swift; sourceTree = "<group>"; };
		46F5C86B29FF8A5E0092F1E7 /* BlogListViewModel.swift */ = {isa = PBXFileReference; lastKnownFileType = sourcecode.swift; path = BlogListViewModel.swift; sourceTree = "<group>"; };
		46F5C86F29FF8A950092F1E7 /* BlogPost.swift */ = {isa = PBXFileReference; lastKnownFileType = sourcecode.swift; path = BlogPost.swift; sourceTree = "<group>"; };
		46F5C87129FF8AA80092F1E7 /* BlogPostsFetchUseCase.swift */ = {isa = PBXFileReference; lastKnownFileType = sourcecode.swift; path = BlogPostsFetchUseCase.swift; sourceTree = "<group>"; };
		46F5C87829FF8AF10092F1E7 /* BlogPostListRequest.swift */ = {isa = PBXFileReference; lastKnownFileType = sourcecode.swift; path = BlogPostListRequest.swift; sourceTree = "<group>"; };
		46F5C87A29FF8B090092F1E7 /* BlogPostsRepository.swift */ = {isa = PBXFileReference; lastKnownFileType = sourcecode.swift; path = BlogPostsRepository.swift; sourceTree = "<group>"; };
		46F5C87C29FF8B1E0092F1E7 /* BlogPostDataTransformer.swift */ = {isa = PBXFileReference; lastKnownFileType = sourcecode.swift; path = BlogPostDataTransformer.swift; sourceTree = "<group>"; };
		46F5C87E29FF8B370092F1E7 /* BlogPostDTO.swift */ = {isa = PBXFileReference; lastKnownFileType = sourcecode.swift; path = BlogPostDTO.swift; sourceTree = "<group>"; };
		46F5C88229FF8B8F0092F1E7 /* BlogDetailViewController.swift */ = {isa = PBXFileReference; lastKnownFileType = sourcecode.swift; path = BlogDetailViewController.swift; sourceTree = "<group>"; };
		46F5C88429FF8BA50092F1E7 /* BlogPostTableViewCell.swift */ = {isa = PBXFileReference; lastKnownFileType = sourcecode.swift; path = BlogPostTableViewCell.swift; sourceTree = "<group>"; };
		46F5C88629FF8BC60092F1E7 /* BlogPostTableViewCell.xib */ = {isa = PBXFileReference; lastKnownFileType = file.xib; path = BlogPostTableViewCell.xib; sourceTree = "<group>"; };
/* End PBXFileReference section */

/* Begin PBXFrameworksBuildPhase section */
		46F5C82429FF89700092F1E7 /* Frameworks */ = {
			isa = PBXFrameworksBuildPhase;
			buildActionMask = 2147483647;
			files = (
				46F5C88D29FF8C350092F1E7 /* CombineSchedulers in Frameworks */,
				46F5C88A29FF8C210092F1E7 /* Factory in Frameworks */,
			);
			runOnlyForDeploymentPostprocessing = 0;
		};
		46F5C83A29FF89720092F1E7 /* Frameworks */ = {
			isa = PBXFrameworksBuildPhase;
			buildActionMask = 2147483647;
			files = (
			);
			runOnlyForDeploymentPostprocessing = 0;
		};
		46F5C84429FF89720092F1E7 /* Frameworks */ = {
			isa = PBXFrameworksBuildPhase;
			buildActionMask = 2147483647;
			files = (
			);
			runOnlyForDeploymentPostprocessing = 0;
		};
/* End PBXFrameworksBuildPhase section */

/* Begin PBXGroup section */
		46F5C81E29FF89700092F1E7 = {
			isa = PBXGroup;
			children = (
				46F5C82929FF89700092F1E7 /* BloggerUIKitXCUIAndKIFTests */,
				46F5C84029FF89720092F1E7 /* BloggerUIKitXCUIAndKIFTestsTests */,
				46F5C84A29FF89720092F1E7 /* BloggerUIKitXCUIAndKIFTestsUITests */,
				46F5C82829FF89700092F1E7 /* Products */,
			);
			sourceTree = "<group>";
		};
		46F5C82829FF89700092F1E7 /* Products */ = {
			isa = PBXGroup;
			children = (
				46F5C82729FF89700092F1E7 /* BloggerUIKitXCUIAndKIFTests.app */,
				46F5C83D29FF89720092F1E7 /* BloggerUIKitXCUIAndKIFTestsTests.xctest */,
				46F5C84729FF89720092F1E7 /* BloggerUIKitXCUIAndKIFTestsUITests.xctest */,
			);
			name = Products;
			sourceTree = "<group>";
		};
		46F5C82929FF89700092F1E7 /* BloggerUIKitXCUIAndKIFTests */ = {
			isa = PBXGroup;
			children = (
				46F5C85A29FF89810092F1E7 /* Reusable */,
				46F5C85D29FF89A30092F1E7 /* Network */,
				46F5C86229FF89E80092F1E7 /* DI */,
				46F5C86529FF8A030092F1E7 /* App */,
				46F5C86629FF8A1F0092F1E7 /* BlogPostsList */,
				46F5C83029FF89700092F1E7 /* Main.storyboard */,
				46F5C83329FF89710092F1E7 /* Assets.xcassets */,
				46F5C83529FF89710092F1E7 /* LaunchScreen.storyboard */,
				46F5C83829FF89710092F1E7 /* Info.plist */,
			);
			path = BloggerUIKitXCUIAndKIFTests;
			sourceTree = "<group>";
		};
		46F5C84029FF89720092F1E7 /* BloggerUIKitXCUIAndKIFTestsTests */ = {
			isa = PBXGroup;
			children = (
				46F5C84129FF89720092F1E7 /* BloggerUIKitXCUIAndKIFTestsTests.swift */,
			);
			path = BloggerUIKitXCUIAndKIFTestsTests;
			sourceTree = "<group>";
		};
		46F5C84A29FF89720092F1E7 /* BloggerUIKitXCUIAndKIFTestsUITests */ = {
			isa = PBXGroup;
			children = (
				46F5C84B29FF89720092F1E7 /* BloggerUIKitXCUIAndKIFTestsUITests.swift */,
				46F5C84D29FF89720092F1E7 /* BloggerUIKitXCUIAndKIFTestsUITestsLaunchTests.swift */,
			);
			path = BloggerUIKitXCUIAndKIFTestsUITests;
			sourceTree = "<group>";
		};
		46F5C85A29FF89810092F1E7 /* Reusable */ = {
			isa = PBXGroup;
			children = (
				46F5C85B29FF89900092F1E7 /* ViewModelState.swift */,
			);
			path = Reusable;
			sourceTree = "<group>";
		};
		46F5C85D29FF89A30092F1E7 /* Network */ = {
			isa = PBXGroup;
			children = (
				46F5C85E29FF89AE0092F1E7 /* APIClient.swift */,
				46F5C86029FF89BE0092F1E7 /* Transformer.swift */,
			);
			path = Network;
			sourceTree = "<group>";
		};
		46F5C86229FF89E80092F1E7 /* DI */ = {
			isa = PBXGroup;
			children = (
				46F5C86329FF89EF0092F1E7 /* DIContainer.swift */,
			);
			path = DI;
			sourceTree = "<group>";
		};
		46F5C86529FF8A030092F1E7 /* App */ = {
			isa = PBXGroup;
			children = (
				46F5C82A29FF89700092F1E7 /* AppDelegate.swift */,
				46F5C82C29FF89700092F1E7 /* SceneDelegate.swift */,
			);
			path = App;
			sourceTree = "<group>";
		};
		46F5C86629FF8A1F0092F1E7 /* BlogPostsList */ = {
			isa = PBXGroup;
			children = (
				46F5C86A29FF8A4D0092F1E7 /* ViewModel */,
				46F5C86929FF8A490092F1E7 /* Domain */,
				46F5C86829FF8A440092F1E7 /* Data */,
				46F5C86729FF8A400092F1E7 /* View */,
			);
			path = BlogPostsList;
			sourceTree = "<group>";
		};
		46F5C86729FF8A400092F1E7 /* View */ = {
			isa = PBXGroup;
			children = (
				46F5C88129FF8B580092F1E7 /* ViewControllers */,
				46F5C88029FF8B520092F1E7 /* Cells */,
			);
			path = View;
			sourceTree = "<group>";
		};
		46F5C86829FF8A440092F1E7 /* Data */ = {
			isa = PBXGroup;
			children = (
				46F5C87729FF8ADB0092F1E7 /* Requests */,
				46F5C87529FF8AC80092F1E7 /* Repositories */,
				46F5C87429FF8AC00092F1E7 /* Mapping */,
				46F5C87329FF8ABD0092F1E7 /* DTO */,
			);
			path = Data;
			sourceTree = "<group>";
		};
		46F5C86929FF8A490092F1E7 /* Domain */ = {
			isa = PBXGroup;
			children = (
				46F5C86E29FF8A7A0092F1E7 /* Entities */,
				46F5C86D29FF8A710092F1E7 /* UseCases */,
			);
			path = Domain;
			sourceTree = "<group>";
		};
		46F5C86A29FF8A4D0092F1E7 /* ViewModel */ = {
			isa = PBXGroup;
			children = (
				46F5C86B29FF8A5E0092F1E7 /* BlogListViewModel.swift */,
			);
			path = ViewModel;
			sourceTree = "<group>";
		};
		46F5C86D29FF8A710092F1E7 /* UseCases */ = {
			isa = PBXGroup;
			children = (
				46F5C87129FF8AA80092F1E7 /* BlogPostsFetchUseCase.swift */,
			);
			path = UseCases;
			sourceTree = "<group>";
		};
		46F5C86E29FF8A7A0092F1E7 /* Entities */ = {
			isa = PBXGroup;
			children = (
				46F5C86F29FF8A950092F1E7 /* BlogPost.swift */,
			);
			path = Entities;
			sourceTree = "<group>";
		};
		46F5C87329FF8ABD0092F1E7 /* DTO */ = {
			isa = PBXGroup;
			children = (
				46F5C87E29FF8B370092F1E7 /* BlogPostDTO.swift */,
			);
			path = DTO;
			sourceTree = "<group>";
		};
		46F5C87429FF8AC00092F1E7 /* Mapping */ = {
			isa = PBXGroup;
			children = (
				46F5C87C29FF8B1E0092F1E7 /* BlogPostDataTransformer.swift */,
			);
			path = Mapping;
			sourceTree = "<group>";
		};
		46F5C87529FF8AC80092F1E7 /* Repositories */ = {
			isa = PBXGroup;
			children = (
				46F5C87A29FF8B090092F1E7 /* BlogPostsRepository.swift */,
			);
			path = Repositories;
			sourceTree = "<group>";
		};
		46F5C87729FF8ADB0092F1E7 /* Requests */ = {
			isa = PBXGroup;
			children = (
				46F5C87829FF8AF10092F1E7 /* BlogPostListRequest.swift */,
			);
			path = Requests;
			sourceTree = "<group>";
		};
		46F5C88029FF8B520092F1E7 /* Cells */ = {
			isa = PBXGroup;
			children = (
				46F5C88429FF8BA50092F1E7 /* BlogPostTableViewCell.swift */,
				46F5C88629FF8BC60092F1E7 /* BlogPostTableViewCell.xib */,
			);
			path = Cells;
			sourceTree = "<group>";
		};
		46F5C88129FF8B580092F1E7 /* ViewControllers */ = {
			isa = PBXGroup;
			children = (
				46F5C82E29FF89700092F1E7 /* BlogListViewController.swift */,
				46F5C88229FF8B8F0092F1E7 /* BlogDetailViewController.swift */,
			);
			path = ViewControllers;
			sourceTree = "<group>";
		};
/* End PBXGroup section */

/* Begin PBXNativeTarget section */
		46F5C82629FF89700092F1E7 /* BloggerUIKitXCUIAndKIFTests */ = {
			isa = PBXNativeTarget;
			buildConfigurationList = 46F5C85129FF89720092F1E7 /* Build configuration list for PBXNativeTarget "BloggerUIKitXCUIAndKIFTests" */;
			buildPhases = (
				46F5C82329FF89700092F1E7 /* Sources */,
				46F5C82429FF89700092F1E7 /* Frameworks */,
				46F5C82529FF89700092F1E7 /* Resources */,
			);
			buildRules = (
			);
			dependencies = (
			);
			name = BloggerUIKitXCUIAndKIFTests;
			packageProductDependencies = (
				46F5C88929FF8C210092F1E7 /* Factory */,
				46F5C88C29FF8C350092F1E7 /* CombineSchedulers */,
			);
			productName = BloggerUIKitXCUIAndKIFTests;
			productReference = 46F5C82729FF89700092F1E7 /* BloggerUIKitXCUIAndKIFTests.app */;
			productType = "com.apple.product-type.application";
		};
		46F5C83C29FF89720092F1E7 /* BloggerUIKitXCUIAndKIFTestsTests */ = {
			isa = PBXNativeTarget;
			buildConfigurationList = 46F5C85429FF89720092F1E7 /* Build configuration list for PBXNativeTarget "BloggerUIKitXCUIAndKIFTestsTests" */;
			buildPhases = (
				46F5C83929FF89720092F1E7 /* Sources */,
				46F5C83A29FF89720092F1E7 /* Frameworks */,
				46F5C83B29FF89720092F1E7 /* Resources */,
			);
			buildRules = (
			);
			dependencies = (
				46F5C83F29FF89720092F1E7 /* PBXTargetDependency */,
			);
			name = BloggerUIKitXCUIAndKIFTestsTests;
			productName = BloggerUIKitXCUIAndKIFTestsTests;
			productReference = 46F5C83D29FF89720092F1E7 /* BloggerUIKitXCUIAndKIFTestsTests.xctest */;
			productType = "com.apple.product-type.bundle.unit-test";
		};
		46F5C84629FF89720092F1E7 /* BloggerUIKitXCUIAndKIFTestsUITests */ = {
			isa = PBXNativeTarget;
			buildConfigurationList = 46F5C85729FF89720092F1E7 /* Build configuration list for PBXNativeTarget "BloggerUIKitXCUIAndKIFTestsUITests" */;
			buildPhases = (
				46F5C84329FF89720092F1E7 /* Sources */,
				46F5C84429FF89720092F1E7 /* Frameworks */,
				46F5C84529FF89720092F1E7 /* Resources */,
			);
			buildRules = (
			);
			dependencies = (
				46F5C84929FF89720092F1E7 /* PBXTargetDependency */,
			);
			name = BloggerUIKitXCUIAndKIFTestsUITests;
			productName = BloggerUIKitXCUIAndKIFTestsUITests;
			productReference = 46F5C84729FF89720092F1E7 /* BloggerUIKitXCUIAndKIFTestsUITests.xctest */;
			productType = "com.apple.product-type.bundle.ui-testing";
		};
/* End PBXNativeTarget section */

/* Begin PBXProject section */
		46F5C81F29FF89700092F1E7 /* Project object */ = {
			isa = PBXProject;
			attributes = {
				BuildIndependentTargetsInParallel = 1;
				LastSwiftUpdateCheck = 1400;
				LastUpgradeCheck = 1400;
				TargetAttributes = {
					46F5C82629FF89700092F1E7 = {
						CreatedOnToolsVersion = 14.0;
					};
					46F5C83C29FF89720092F1E7 = {
						CreatedOnToolsVersion = 14.0;
						TestTargetID = 46F5C82629FF89700092F1E7;
					};
					46F5C84629FF89720092F1E7 = {
						CreatedOnToolsVersion = 14.0;
						TestTargetID = 46F5C82629FF89700092F1E7;
					};
				};
			};
			buildConfigurationList = 46F5C82229FF89700092F1E7 /* Build configuration list for PBXProject "BloggerUIKitXCUIAndKIFTests" */;
			compatibilityVersion = "Xcode 14.0";
			developmentRegion = en;
			hasScannedForEncodings = 0;
			knownRegions = (
				en,
				Base,
			);
			mainGroup = 46F5C81E29FF89700092F1E7;
			packageReferences = (
				46F5C88829FF8C210092F1E7 /* XCRemoteSwiftPackageReference "Factory" */,
				46F5C88B29FF8C350092F1E7 /* XCRemoteSwiftPackageReference "combine-schedulers" */,
			);
			productRefGroup = 46F5C82829FF89700092F1E7 /* Products */;
			projectDirPath = "";
			projectRoot = "";
			targets = (
				46F5C82629FF89700092F1E7 /* BloggerUIKitXCUIAndKIFTests */,
				46F5C83C29FF89720092F1E7 /* BloggerUIKitXCUIAndKIFTestsTests */,
				46F5C84629FF89720092F1E7 /* BloggerUIKitXCUIAndKIFTestsUITests */,
			);
		};
/* End PBXProject section */

/* Begin PBXResourcesBuildPhase section */
		46F5C82529FF89700092F1E7 /* Resources */ = {
			isa = PBXResourcesBuildPhase;
			buildActionMask = 2147483647;
			files = (
				46F5C83729FF89710092F1E7 /* LaunchScreen.storyboard in Resources */,
				46F5C83429FF89710092F1E7 /* Assets.xcassets in Resources */,
				46F5C83229FF89700092F1E7 /* Main.storyboard in Resources */,
				46F5C88729FF8BC60092F1E7 /* BlogPostTableViewCell.xib in Resources */,
			);
			runOnlyForDeploymentPostprocessing = 0;
		};
		46F5C83B29FF89720092F1E7 /* Resources */ = {
			isa = PBXResourcesBuildPhase;
			buildActionMask = 2147483647;
			files = (
			);
			runOnlyForDeploymentPostprocessing = 0;
		};
		46F5C84529FF89720092F1E7 /* Resources */ = {
			isa = PBXResourcesBuildPhase;
			buildActionMask = 2147483647;
			files = (
			);
			runOnlyForDeploymentPostprocessing = 0;
		};
/* End PBXResourcesBuildPhase section */

/* Begin PBXSourcesBuildPhase section */
		46F5C82329FF89700092F1E7 /* Sources */ = {
			isa = PBXSourcesBuildPhase;
			buildActionMask = 2147483647;
			files = (
				46F5C86429FF89EF0092F1E7 /* DIContainer.swift in Sources */,
				46F5C88329FF8B8F0092F1E7 /* BlogDetailViewController.swift in Sources */,
				46F5C87F29FF8B370092F1E7 /* BlogPostDTO.swift in Sources */,
				46F5C88529FF8BA50092F1E7 /* BlogPostTableViewCell.swift in Sources */,
				46F5C85C29FF89900092F1E7 /* ViewModelState.swift in Sources */,
				46F5C87229FF8AA80092F1E7 /* BlogPostsFetchUseCase.swift in Sources */,
				46F5C86129FF89BE0092F1E7 /* Transformer.swift in Sources */,
				46F5C87029FF8A950092F1E7 /* BlogPost.swift in Sources */,
				46F5C82F29FF89700092F1E7 /* BlogListViewController.swift in Sources */,
				46F5C82B29FF89700092F1E7 /* AppDelegate.swift in Sources */,
				46F5C85F29FF89AE0092F1E7 /* APIClient.swift in Sources */,
				46F5C87D29FF8B1E0092F1E7 /* BlogPostDataTransformer.swift in Sources */,
				46F5C86C29FF8A5E0092F1E7 /* BlogListViewModel.swift in Sources */,
				46F5C87B29FF8B090092F1E7 /* BlogPostsRepository.swift in Sources */,
				46F5C87929FF8AF10092F1E7 /* BlogPostListRequest.swift in Sources */,
				46F5C82D29FF89700092F1E7 /* SceneDelegate.swift in Sources */,
			);
			runOnlyForDeploymentPostprocessing = 0;
		};
		46F5C83929FF89720092F1E7 /* Sources */ = {
			isa = PBXSourcesBuildPhase;
			buildActionMask = 2147483647;
			files = (
				46F5C84229FF89720092F1E7 /* BloggerUIKitXCUIAndKIFTestsTests.swift in Sources */,
			);
			runOnlyForDeploymentPostprocessing = 0;
		};
		46F5C84329FF89720092F1E7 /* Sources */ = {
			isa = PBXSourcesBuildPhase;
			buildActionMask = 2147483647;
			files = (
				46F5C84E29FF89720092F1E7 /* BloggerUIKitXCUIAndKIFTestsUITestsLaunchTests.swift in Sources */,
				46F5C84C29FF89720092F1E7 /* BloggerUIKitXCUIAndKIFTestsUITests.swift in Sources */,
			);
			runOnlyForDeploymentPostprocessing = 0;
		};
/* End PBXSourcesBuildPhase section */

/* Begin PBXTargetDependency section */
		46F5C83F29FF89720092F1E7 /* PBXTargetDependency */ = {
			isa = PBXTargetDependency;
			target = 46F5C82629FF89700092F1E7 /* BloggerUIKitXCUIAndKIFTests */;
			targetProxy = 46F5C83E29FF89720092F1E7 /* PBXContainerItemProxy */;
		};
		46F5C84929FF89720092F1E7 /* PBXTargetDependency */ = {
			isa = PBXTargetDependency;
			target = 46F5C82629FF89700092F1E7 /* BloggerUIKitXCUIAndKIFTests */;
			targetProxy = 46F5C84829FF89720092F1E7 /* PBXContainerItemProxy */;
		};
/* End PBXTargetDependency section */

/* Begin PBXVariantGroup section */
		46F5C83029FF89700092F1E7 /* Main.storyboard */ = {
			isa = PBXVariantGroup;
			children = (
				46F5C83129FF89700092F1E7 /* Base */,
			);
			name = Main.storyboard;
			sourceTree = "<group>";
		};
		46F5C83529FF89710092F1E7 /* LaunchScreen.storyboard */ = {
			isa = PBXVariantGroup;
			children = (
				46F5C83629FF89710092F1E7 /* Base */,
			);
			name = LaunchScreen.storyboard;
			sourceTree = "<group>";
		};
/* End PBXVariantGroup section */

/* Begin XCBuildConfiguration section */
		46F5C84F29FF89720092F1E7 /* Debug */ = {
			isa = XCBuildConfiguration;
			buildSettings = {
				ALWAYS_SEARCH_USER_PATHS = NO;
				CLANG_ANALYZER_NONNULL = YES;
				CLANG_ANALYZER_NUMBER_OBJECT_CONVERSION = YES_AGGRESSIVE;
				CLANG_CXX_LANGUAGE_STANDARD = "gnu++20";
				CLANG_ENABLE_MODULES = YES;
				CLANG_ENABLE_OBJC_ARC = YES;
				CLANG_ENABLE_OBJC_WEAK = YES;
				CLANG_WARN_BLOCK_CAPTURE_AUTORELEASING = YES;
				CLANG_WARN_BOOL_CONVERSION = YES;
				CLANG_WARN_COMMA = YES;
				CLANG_WARN_CONSTANT_CONVERSION = YES;
				CLANG_WARN_DEPRECATED_OBJC_IMPLEMENTATIONS = YES;
				CLANG_WARN_DIRECT_OBJC_ISA_USAGE = YES_ERROR;
				CLANG_WARN_DOCUMENTATION_COMMENTS = YES;
				CLANG_WARN_EMPTY_BODY = YES;
				CLANG_WARN_ENUM_CONVERSION = YES;
				CLANG_WARN_INFINITE_RECURSION = YES;
				CLANG_WARN_INT_CONVERSION = YES;
				CLANG_WARN_NON_LITERAL_NULL_CONVERSION = YES;
				CLANG_WARN_OBJC_IMPLICIT_RETAIN_SELF = YES;
				CLANG_WARN_OBJC_LITERAL_CONVERSION = YES;
				CLANG_WARN_OBJC_ROOT_CLASS = YES_ERROR;
				CLANG_WARN_QUOTED_INCLUDE_IN_FRAMEWORK_HEADER = YES;
				CLANG_WARN_RANGE_LOOP_ANALYSIS = YES;
				CLANG_WARN_STRICT_PROTOTYPES = YES;
				CLANG_WARN_SUSPICIOUS_MOVE = YES;
				CLANG_WARN_UNGUARDED_AVAILABILITY = YES_AGGRESSIVE;
				CLANG_WARN_UNREACHABLE_CODE = YES;
				CLANG_WARN__DUPLICATE_METHOD_MATCH = YES;
				COPY_PHASE_STRIP = NO;
				DEBUG_INFORMATION_FORMAT = dwarf;
				ENABLE_STRICT_OBJC_MSGSEND = YES;
				ENABLE_TESTABILITY = YES;
				GCC_C_LANGUAGE_STANDARD = gnu11;
				GCC_DYNAMIC_NO_PIC = NO;
				GCC_NO_COMMON_BLOCKS = YES;
				GCC_OPTIMIZATION_LEVEL = 0;
				GCC_PREPROCESSOR_DEFINITIONS = (
					"DEBUG=1",
					"$(inherited)",
				);
				GCC_WARN_64_TO_32_BIT_CONVERSION = YES;
				GCC_WARN_ABOUT_RETURN_TYPE = YES_ERROR;
				GCC_WARN_UNDECLARED_SELECTOR = YES;
				GCC_WARN_UNINITIALIZED_AUTOS = YES_AGGRESSIVE;
				GCC_WARN_UNUSED_FUNCTION = YES;
				GCC_WARN_UNUSED_VARIABLE = YES;
				IPHONEOS_DEPLOYMENT_TARGET = 16.0;
				MTL_ENABLE_DEBUG_INFO = INCLUDE_SOURCE;
				MTL_FAST_MATH = YES;
				ONLY_ACTIVE_ARCH = YES;
				SDKROOT = iphoneos;
				SWIFT_ACTIVE_COMPILATION_CONDITIONS = DEBUG;
				SWIFT_OPTIMIZATION_LEVEL = "-Onone";
			};
			name = Debug;
		};
		46F5C85029FF89720092F1E7 /* Release */ = {
			isa = XCBuildConfiguration;
			buildSettings = {
				ALWAYS_SEARCH_USER_PATHS = NO;
				CLANG_ANALYZER_NONNULL = YES;
				CLANG_ANALYZER_NUMBER_OBJECT_CONVERSION = YES_AGGRESSIVE;
				CLANG_CXX_LANGUAGE_STANDARD = "gnu++20";
				CLANG_ENABLE_MODULES = YES;
				CLANG_ENABLE_OBJC_ARC = YES;
				CLANG_ENABLE_OBJC_WEAK = YES;
				CLANG_WARN_BLOCK_CAPTURE_AUTORELEASING = YES;
				CLANG_WARN_BOOL_CONVERSION = YES;
				CLANG_WARN_COMMA = YES;
				CLANG_WARN_CONSTANT_CONVERSION = YES;
				CLANG_WARN_DEPRECATED_OBJC_IMPLEMENTATIONS = YES;
				CLANG_WARN_DIRECT_OBJC_ISA_USAGE = YES_ERROR;
				CLANG_WARN_DOCUMENTATION_COMMENTS = YES;
				CLANG_WARN_EMPTY_BODY = YES;
				CLANG_WARN_ENUM_CONVERSION = YES;
				CLANG_WARN_INFINITE_RECURSION = YES;
				CLANG_WARN_INT_CONVERSION = YES;
				CLANG_WARN_NON_LITERAL_NULL_CONVERSION = YES;
				CLANG_WARN_OBJC_IMPLICIT_RETAIN_SELF = YES;
				CLANG_WARN_OBJC_LITERAL_CONVERSION = YES;
				CLANG_WARN_OBJC_ROOT_CLASS = YES_ERROR;
				CLANG_WARN_QUOTED_INCLUDE_IN_FRAMEWORK_HEADER = YES;
				CLANG_WARN_RANGE_LOOP_ANALYSIS = YES;
				CLANG_WARN_STRICT_PROTOTYPES = YES;
				CLANG_WARN_SUSPICIOUS_MOVE = YES;
				CLANG_WARN_UNGUARDED_AVAILABILITY = YES_AGGRESSIVE;
				CLANG_WARN_UNREACHABLE_CODE = YES;
				CLANG_WARN__DUPLICATE_METHOD_MATCH = YES;
				COPY_PHASE_STRIP = NO;
				DEBUG_INFORMATION_FORMAT = "dwarf-with-dsym";
				ENABLE_NS_ASSERTIONS = NO;
				ENABLE_STRICT_OBJC_MSGSEND = YES;
				GCC_C_LANGUAGE_STANDARD = gnu11;
				GCC_NO_COMMON_BLOCKS = YES;
				GCC_WARN_64_TO_32_BIT_CONVERSION = YES;
				GCC_WARN_ABOUT_RETURN_TYPE = YES_ERROR;
				GCC_WARN_UNDECLARED_SELECTOR = YES;
				GCC_WARN_UNINITIALIZED_AUTOS = YES_AGGRESSIVE;
				GCC_WARN_UNUSED_FUNCTION = YES;
				GCC_WARN_UNUSED_VARIABLE = YES;
				IPHONEOS_DEPLOYMENT_TARGET = 16.0;
				MTL_ENABLE_DEBUG_INFO = NO;
				MTL_FAST_MATH = YES;
				SDKROOT = iphoneos;
				SWIFT_COMPILATION_MODE = wholemodule;
				SWIFT_OPTIMIZATION_LEVEL = "-O";
				VALIDATE_PRODUCT = YES;
			};
			name = Release;
		};
		46F5C85229FF89720092F1E7 /* Debug */ = {
			isa = XCBuildConfiguration;
			buildSettings = {
				ASSETCATALOG_COMPILER_APPICON_NAME = AppIcon;
				ASSETCATALOG_COMPILER_GLOBAL_ACCENT_COLOR_NAME = AccentColor;
				CODE_SIGN_STYLE = Automatic;
				CURRENT_PROJECT_VERSION = 1;
				GENERATE_INFOPLIST_FILE = YES;
				INFOPLIST_FILE = BloggerUIKitXCUIAndKIFTests/Info.plist;
				INFOPLIST_KEY_UIApplicationSupportsIndirectInputEvents = YES;
				INFOPLIST_KEY_UILaunchStoryboardName = LaunchScreen;
				INFOPLIST_KEY_UIMainStoryboardFile = Main;
				INFOPLIST_KEY_UISupportedInterfaceOrientations_iPad = "UIInterfaceOrientationPortrait UIInterfaceOrientationPortraitUpsideDown UIInterfaceOrientationLandscapeLeft UIInterfaceOrientationLandscapeRight";
				INFOPLIST_KEY_UISupportedInterfaceOrientations_iPhone = "UIInterfaceOrientationPortrait UIInterfaceOrientationLandscapeLeft UIInterfaceOrientationLandscapeRight";
				LD_RUNPATH_SEARCH_PATHS = (
					"$(inherited)",
					"@executable_path/Frameworks",
				);
				MARKETING_VERSION = 1.0;
				PRODUCT_BUNDLE_IDENTIFIER = com.thoughtworks.BloggerUIKitXCUIAndKIFTests;
				PRODUCT_NAME = "$(TARGET_NAME)";
				SWIFT_EMIT_LOC_STRINGS = YES;
				SWIFT_VERSION = 5.0;
				TARGETED_DEVICE_FAMILY = "1,2";
			};
			name = Debug;
		};
		46F5C85329FF89720092F1E7 /* Release */ = {
			isa = XCBuildConfiguration;
			buildSettings = {
				ASSETCATALOG_COMPILER_APPICON_NAME = AppIcon;
				ASSETCATALOG_COMPILER_GLOBAL_ACCENT_COLOR_NAME = AccentColor;
				CODE_SIGN_STYLE = Automatic;
				CURRENT_PROJECT_VERSION = 1;
				GENERATE_INFOPLIST_FILE = YES;
				INFOPLIST_FILE = BloggerUIKitXCUIAndKIFTests/Info.plist;
				INFOPLIST_KEY_UIApplicationSupportsIndirectInputEvents = YES;
				INFOPLIST_KEY_UILaunchStoryboardName = LaunchScreen;
				INFOPLIST_KEY_UIMainStoryboardFile = Main;
				INFOPLIST_KEY_UISupportedInterfaceOrientations_iPad = "UIInterfaceOrientationPortrait UIInterfaceOrientationPortraitUpsideDown UIInterfaceOrientationLandscapeLeft UIInterfaceOrientationLandscapeRight";
				INFOPLIST_KEY_UISupportedInterfaceOrientations_iPhone = "UIInterfaceOrientationPortrait UIInterfaceOrientationLandscapeLeft UIInterfaceOrientationLandscapeRight";
				LD_RUNPATH_SEARCH_PATHS = (
					"$(inherited)",
					"@executable_path/Frameworks",
				);
				MARKETING_VERSION = 1.0;
				PRODUCT_BUNDLE_IDENTIFIER = com.thoughtworks.BloggerUIKitXCUIAndKIFTests;
				PRODUCT_NAME = "$(TARGET_NAME)";
				SWIFT_EMIT_LOC_STRINGS = YES;
				SWIFT_VERSION = 5.0;
				TARGETED_DEVICE_FAMILY = "1,2";
			};
			name = Release;
		};
		46F5C85529FF89720092F1E7 /* Debug */ = {
			isa = XCBuildConfiguration;
			buildSettings = {
				ALWAYS_EMBED_SWIFT_STANDARD_LIBRARIES = YES;
				BUNDLE_LOADER = "$(TEST_HOST)";
				CODE_SIGN_STYLE = Automatic;
				CURRENT_PROJECT_VERSION = 1;
				GENERATE_INFOPLIST_FILE = YES;
				IPHONEOS_DEPLOYMENT_TARGET = 16.0;
				MARKETING_VERSION = 1.0;
				PRODUCT_BUNDLE_IDENTIFIER = com.thoughtworks.BloggerUIKitXCUIAndKIFTestsTests;
				PRODUCT_NAME = "$(TARGET_NAME)";
				SWIFT_EMIT_LOC_STRINGS = NO;
				SWIFT_VERSION = 5.0;
				TARGETED_DEVICE_FAMILY = "1,2";
				TEST_HOST = "$(BUILT_PRODUCTS_DIR)/BloggerUIKitXCUIAndKIFTests.app/$(BUNDLE_EXECUTABLE_FOLDER_PATH)/BloggerUIKitXCUIAndKIFTests";
			};
			name = Debug;
		};
		46F5C85629FF89720092F1E7 /* Release */ = {
			isa = XCBuildConfiguration;
			buildSettings = {
				ALWAYS_EMBED_SWIFT_STANDARD_LIBRARIES = YES;
				BUNDLE_LOADER = "$(TEST_HOST)";
				CODE_SIGN_STYLE = Automatic;
				CURRENT_PROJECT_VERSION = 1;
				GENERATE_INFOPLIST_FILE = YES;
				IPHONEOS_DEPLOYMENT_TARGET = 16.0;
				MARKETING_VERSION = 1.0;
				PRODUCT_BUNDLE_IDENTIFIER = com.thoughtworks.BloggerUIKitXCUIAndKIFTestsTests;
				PRODUCT_NAME = "$(TARGET_NAME)";
				SWIFT_EMIT_LOC_STRINGS = NO;
				SWIFT_VERSION = 5.0;
				TARGETED_DEVICE_FAMILY = "1,2";
				TEST_HOST = "$(BUILT_PRODUCTS_DIR)/BloggerUIKitXCUIAndKIFTests.app/$(BUNDLE_EXECUTABLE_FOLDER_PATH)/BloggerUIKitXCUIAndKIFTests";
			};
			name = Release;
		};
		46F5C85829FF89720092F1E7 /* Debug */ = {
			isa = XCBuildConfiguration;
			buildSettings = {
				ALWAYS_EMBED_SWIFT_STANDARD_LIBRARIES = YES;
				CODE_SIGN_STYLE = Automatic;
				CURRENT_PROJECT_VERSION = 1;
				GENERATE_INFOPLIST_FILE = YES;
				MARKETING_VERSION = 1.0;
				PRODUCT_BUNDLE_IDENTIFIER = com.thoughtworks.BloggerUIKitXCUIAndKIFTestsUITests;
				PRODUCT_NAME = "$(TARGET_NAME)";
				SWIFT_EMIT_LOC_STRINGS = NO;
				SWIFT_VERSION = 5.0;
				TARGETED_DEVICE_FAMILY = "1,2";
				TEST_TARGET_NAME = BloggerUIKitXCUIAndKIFTests;
			};
			name = Debug;
		};
		46F5C85929FF89720092F1E7 /* Release */ = {
			isa = XCBuildConfiguration;
			buildSettings = {
				ALWAYS_EMBED_SWIFT_STANDARD_LIBRARIES = YES;
				CODE_SIGN_STYLE = Automatic;
				CURRENT_PROJECT_VERSION = 1;
				GENERATE_INFOPLIST_FILE = YES;
				MARKETING_VERSION = 1.0;
				PRODUCT_BUNDLE_IDENTIFIER = com.thoughtworks.BloggerUIKitXCUIAndKIFTestsUITests;
				PRODUCT_NAME = "$(TARGET_NAME)";
				SWIFT_EMIT_LOC_STRINGS = NO;
				SWIFT_VERSION = 5.0;
				TARGETED_DEVICE_FAMILY = "1,2";
				TEST_TARGET_NAME = BloggerUIKitXCUIAndKIFTests;
			};
			name = Release;
		};
/* End XCBuildConfiguration section */

/* Begin XCConfigurationList section */
		46F5C82229FF89700092F1E7 /* Build configuration list for PBXProject "BloggerUIKitXCUIAndKIFTests" */ = {
			isa = XCConfigurationList;
			buildConfigurations = (
				46F5C84F29FF89720092F1E7 /* Debug */,
				46F5C85029FF89720092F1E7 /* Release */,
			);
			defaultConfigurationIsVisible = 0;
			defaultConfigurationName = Release;
		};
		46F5C85129FF89720092F1E7 /* Build configuration list for PBXNativeTarget "BloggerUIKitXCUIAndKIFTests" */ = {
			isa = XCConfigurationList;
			buildConfigurations = (
				46F5C85229FF89720092F1E7 /* Debug */,
				46F5C85329FF89720092F1E7 /* Release */,
			);
			defaultConfigurationIsVisible = 0;
			defaultConfigurationName = Release;
		};
		46F5C85429FF89720092F1E7 /* Build configuration list for PBXNativeTarget "BloggerUIKitXCUIAndKIFTestsTests" */ = {
			isa = XCConfigurationList;
			buildConfigurations = (
				46F5C85529FF89720092F1E7 /* Debug */,
				46F5C85629FF89720092F1E7 /* Release */,
			);
			defaultConfigurationIsVisible = 0;
			defaultConfigurationName = Release;
		};
		46F5C85729FF89720092F1E7 /* Build configuration list for PBXNativeTarget "BloggerUIKitXCUIAndKIFTestsUITests" */ = {
			isa = XCConfigurationList;
			buildConfigurations = (
				46F5C85829FF89720092F1E7 /* Debug */,
				46F5C85929FF89720092F1E7 /* Release */,
			);
			defaultConfigurationIsVisible = 0;
			defaultConfigurationName = Release;
		};
/* End XCConfigurationList section */

/* Begin XCRemoteSwiftPackageReference section */
		46F5C88829FF8C210092F1E7 /* XCRemoteSwiftPackageReference "Factory" */ = {
			isa = XCRemoteSwiftPackageReference;
			repositoryURL = "https://github.com/hmlongco/Factory.git";
			requirement = {
				kind = upToNextMajorVersion;
				minimumVersion = 2.0.0;
			};
		};
		46F5C88B29FF8C350092F1E7 /* XCRemoteSwiftPackageReference "combine-schedulers" */ = {
			isa = XCRemoteSwiftPackageReference;
			repositoryURL = "https://github.com/pointfreeco/combine-schedulers.git";
			requirement = {
				branch = main;
				kind = branch;
			};
		};
/* End XCRemoteSwiftPackageReference section */

/* Begin XCSwiftPackageProductDependency section */
		46F5C88929FF8C210092F1E7 /* Factory */ = {
			isa = XCSwiftPackageProductDependency;
			package = 46F5C88829FF8C210092F1E7 /* XCRemoteSwiftPackageReference "Factory" */;
			productName = Factory;
		};
		46F5C88C29FF8C350092F1E7 /* CombineSchedulers */ = {
			isa = XCSwiftPackageProductDependency;
			package = 46F5C88B29FF8C350092F1E7 /* XCRemoteSwiftPackageReference "combine-schedulers" */;
			productName = CombineSchedulers;
		};
/* End XCSwiftPackageProductDependency section */
	};
	rootObject = 46F5C81F29FF89700092F1E7 /* Project object */;
}
